// !$*UTF8*$!
{
	archiveVersion = 1;
	classes = {
	};
	objectVersion = 55;
	objects = {

/* Begin PBXBuildFile section */
		230CF1472A8D8438005FF9DD /* RestFullApiApp.swift in Sources */ = {isa = PBXBuildFile; fileRef = 230CF1462A8D8438005FF9DD /* RestFullApiApp.swift */; };
		230CF1492A8D8438005FF9DD /* ContentView.swift in Sources */ = {isa = PBXBuildFile; fileRef = 230CF1482A8D8438005FF9DD /* ContentView.swift */; };
		230CF14B2A8D843D005FF9DD /* Assets.xcassets in Resources */ = {isa = PBXBuildFile; fileRef = 230CF14A2A8D843D005FF9DD /* Assets.xcassets */; };
		230CF14E2A8D843D005FF9DD /* Preview Assets.xcassets in Resources */ = {isa = PBXBuildFile; fileRef = 230CF14D2A8D843D005FF9DD /* Preview Assets.xcassets */; };
		230CF1552A8D845E005FF9DD /* Model.swift in Sources */ = {isa = PBXBuildFile; fileRef = 230CF1542A8D845E005FF9DD /* Model.swift */; };
		230CF1572A8D84E1005FF9DD /* APIManager.swift in Sources */ = {isa = PBXBuildFile; fileRef = 230CF1562A8D84E1005FF9DD /* APIManager.swift */; };
		230CF1592A8D8889005FF9DD /* PostView.swift in Sources */ = {isa = PBXBuildFile; fileRef = 230CF1582A8D8889005FF9DD /* PostView.swift */; };
		23710CDB2A917B0400417B5F /* PhotoView.swift in Sources */ = {isa = PBXBuildFile; fileRef = 23710CDA2A917B0400417B5F /* PhotoView.swift */; };
		23710CDD2A917BCF00417B5F /* PhotoListView.swift in Sources */ = {isa = PBXBuildFile; fileRef = 23710CDC2A917BCF00417B5F /* PhotoListView.swift */; };
		23710CDF2A9180EA00417B5F /* TodoView.swift in Sources */ = {isa = PBXBuildFile; fileRef = 23710CDE2A9180EA00417B5F /* TodoView.swift */; };
		23710CE12A91826D00417B5F /* TodoListView.swift in Sources */ = {isa = PBXBuildFile; fileRef = 23710CE02A91826D00417B5F /* TodoListView.swift */; };
		23710CE32A94175900417B5F /* UserView.swift in Sources */ = {isa = PBXBuildFile; fileRef = 23710CE22A94175900417B5F /* UserView.swift */; };
		23710CE52A9417BB00417B5F /* UserListView.swift in Sources */ = {isa = PBXBuildFile; fileRef = 23710CE42A9417BB00417B5F /* UserListView.swift */; };
		23724B1E2A8E679E00BEB2D2 /* CommentView.swift in Sources */ = {isa = PBXBuildFile; fileRef = 23724B1D2A8E679E00BEB2D2 /* CommentView.swift */; };
		23724B202A8E69D700BEB2D2 /* PostListView.swift in Sources */ = {isa = PBXBuildFile; fileRef = 23724B1F2A8E69D700BEB2D2 /* PostListView.swift */; };
		23724B222A8E6A5800BEB2D2 /* CommentListView.swift in Sources */ = {isa = PBXBuildFile; fileRef = 23724B212A8E6A5800BEB2D2 /* CommentListView.swift */; };
		23724B242A8F8F1D00BEB2D2 /* AlbumListView.swift in Sources */ = {isa = PBXBuildFile; fileRef = 23724B232A8F8F1D00BEB2D2 /* AlbumListView.swift */; };
		23724B262A8F8FFF00BEB2D2 /* AlbumView.swift in Sources */ = {isa = PBXBuildFile; fileRef = 23724B252A8F8FFF00BEB2D2 /* AlbumView.swift */; };
/* End PBXBuildFile section */

/* Begin PBXFileReference section */
		230CF1432A8D8438005FF9DD /* RestFullApi.app */ = {isa = PBXFileReference; explicitFileType = wrapper.application; includeInIndex = 0; path = RestFullApi.app; sourceTree = BUILT_PRODUCTS_DIR; };
		230CF1462A8D8438005FF9DD /* RestFullApiApp.swift */ = {isa = PBXFileReference; lastKnownFileType = sourcecode.swift; path = RestFullApiApp.swift; sourceTree = "<group>"; };
		230CF1482A8D8438005FF9DD /* ContentView.swift */ = {isa = PBXFileReference; lastKnownFileType = sourcecode.swift; path = ContentView.swift; sourceTree = "<group>"; };
		230CF14A2A8D843D005FF9DD /* Assets.xcassets */ = {isa = PBXFileReference; lastKnownFileType = folder.assetcatalog; path = Assets.xcassets; sourceTree = "<group>"; };
		230CF14D2A8D843D005FF9DD /* Preview Assets.xcassets */ = {isa = PBXFileReference; lastKnownFileType = folder.assetcatalog; path = "Preview Assets.xcassets"; sourceTree = "<group>"; };
		230CF1542A8D845E005FF9DD /* Model.swift */ = {isa = PBXFileReference; lastKnownFileType = sourcecode.swift; path = Model.swift; sourceTree = "<group>"; };
		230CF1562A8D84E1005FF9DD /* APIManager.swift */ = {isa = PBXFileReference; lastKnownFileType = sourcecode.swift; path = APIManager.swift; sourceTree = "<group>"; };
		230CF1582A8D8889005FF9DD /* PostView.swift */ = {isa = PBXFileReference; lastKnownFileType = sourcecode.swift; path = PostView.swift; sourceTree = "<group>"; };
		23710CDA2A917B0400417B5F /* PhotoView.swift */ = {isa = PBXFileReference; lastKnownFileType = sourcecode.swift; path = PhotoView.swift; sourceTree = "<group>"; };
		23710CDC2A917BCF00417B5F /* PhotoListView.swift */ = {isa = PBXFileReference; lastKnownFileType = sourcecode.swift; path = PhotoListView.swift; sourceTree = "<group>"; };
		23710CDE2A9180EA00417B5F /* TodoView.swift */ = {isa = PBXFileReference; lastKnownFileType = sourcecode.swift; path = TodoView.swift; sourceTree = "<group>"; };
		23710CE02A91826D00417B5F /* TodoListView.swift */ = {isa = PBXFileReference; lastKnownFileType = sourcecode.swift; path = TodoListView.swift; sourceTree = "<group>"; };
		23710CE22A94175900417B5F /* UserView.swift */ = {isa = PBXFileReference; lastKnownFileType = sourcecode.swift; path = UserView.swift; sourceTree = "<group>"; };
		23710CE42A9417BB00417B5F /* UserListView.swift */ = {isa = PBXFileReference; lastKnownFileType = sourcecode.swift; path = UserListView.swift; sourceTree = "<group>"; };
		23724B1D2A8E679E00BEB2D2 /* CommentView.swift */ = {isa = PBXFileReference; lastKnownFileType = sourcecode.swift; path = CommentView.swift; sourceTree = "<group>"; };
		23724B1F2A8E69D700BEB2D2 /* PostListView.swift */ = {isa = PBXFileReference; lastKnownFileType = sourcecode.swift; path = PostListView.swift; sourceTree = "<group>"; };
		23724B212A8E6A5800BEB2D2 /* CommentListView.swift */ = {isa = PBXFileReference; lastKnownFileType = sourcecode.swift; path = CommentListView.swift; sourceTree = "<group>"; };
		23724B232A8F8F1D00BEB2D2 /* AlbumListView.swift */ = {isa = PBXFileReference; lastKnownFileType = sourcecode.swift; path = AlbumListView.swift; sourceTree = "<group>"; };
		23724B252A8F8FFF00BEB2D2 /* AlbumView.swift */ = {isa = PBXFileReference; lastKnownFileType = sourcecode.swift; path = AlbumView.swift; sourceTree = "<group>"; };
/* End PBXFileReference section */

/* Begin PBXFrameworksBuildPhase section */
		230CF1402A8D8438005FF9DD /* Frameworks */ = {
			isa = PBXFrameworksBuildPhase;
			buildActionMask = 2147483647;
			files = (
			);
			runOnlyForDeploymentPostprocessing = 0;
		};
/* End PBXFrameworksBuildPhase section */

/* Begin PBXGroup section */
		230CF13A2A8D8438005FF9DD = {
			isa = PBXGroup;
			children = (
				230CF1452A8D8438005FF9DD /* RestFullApi */,
				230CF1442A8D8438005FF9DD /* Products */,
			);
			sourceTree = "<group>";
		};
		230CF1442A8D8438005FF9DD /* Products */ = {
			isa = PBXGroup;
			children = (
				230CF1432A8D8438005FF9DD /* RestFullApi.app */,
			);
			name = Products;
			sourceTree = "<group>";
		};
		230CF1452A8D8438005FF9DD /* RestFullApi */ = {
			isa = PBXGroup;
			children = (
				23724B2B2A8F929800BEB2D2 /* Common */,
				23724B2A2A8F927B00BEB2D2 /* Service */,
				23724B292A8F926800BEB2D2 /* Main */,
				23724B282A8F923200BEB2D2 /* Detail */,
				23724B272A8F922500BEB2D2 /* List */,
				230CF1462A8D8438005FF9DD /* RestFullApiApp.swift */,
				230CF14A2A8D843D005FF9DD /* Assets.xcassets */,
				230CF14C2A8D843D005FF9DD /* Preview Content */,
			);
			path = RestFullApi;
			sourceTree = "<group>";
		};
		230CF14C2A8D843D005FF9DD /* Preview Content */ = {
			isa = PBXGroup;
			children = (
				230CF14D2A8D843D005FF9DD /* Preview Assets.xcassets */,
			);
			path = "Preview Content";
			sourceTree = "<group>";
		};
		23724B272A8F922500BEB2D2 /* List */ = {
			isa = PBXGroup;
			children = (
				23710CDC2A917BCF00417B5F /* PhotoListView.swift */,
				23724B232A8F8F1D00BEB2D2 /* AlbumListView.swift */,
				23724B1F2A8E69D700BEB2D2 /* PostListView.swift */,
				23724B212A8E6A5800BEB2D2 /* CommentListView.swift */,
				23710CE02A91826D00417B5F /* TodoListView.swift */,
				23710CE42A9417BB00417B5F /* UserListView.swift */,
			);
			path = List;
			sourceTree = "<group>";
		};
		23724B282A8F923200BEB2D2 /* Detail */ = {
			isa = PBXGroup;
			children = (
				23710CDA2A917B0400417B5F /* PhotoView.swift */,
				23724B252A8F8FFF00BEB2D2 /* AlbumView.swift */,
				230CF1582A8D8889005FF9DD /* PostView.swift */,
				23724B1D2A8E679E00BEB2D2 /* CommentView.swift */,
				23710CDE2A9180EA00417B5F /* TodoView.swift */,
				23710CE22A94175900417B5F /* UserView.swift */,
			);
			path = Detail;
			sourceTree = "<group>";
		};
		23724B292A8F926800BEB2D2 /* Main */ = {
			isa = PBXGroup;
			children = (
				230CF1482A8D8438005FF9DD /* ContentView.swift */,
			);
			path = Main;
			sourceTree = "<group>";
		};
		23724B2A2A8F927B00BEB2D2 /* Service */ = {
			isa = PBXGroup;
			children = (
				230CF1562A8D84E1005FF9DD /* APIManager.swift */,
			);
			path = Service;
			sourceTree = "<group>";
		};
		23724B2B2A8F929800BEB2D2 /* Common */ = {
			isa = PBXGroup;
			children = (
				230CF1542A8D845E005FF9DD /* Model.swift */,
			);
			path = Common;
			sourceTree = "<group>";
		};
/* End PBXGroup section */

/* Begin PBXNativeTarget section */
		230CF1422A8D8438005FF9DD /* RestFullApi */ = {
			isa = PBXNativeTarget;
			buildConfigurationList = 230CF1512A8D843D005FF9DD /* Build configuration list for PBXNativeTarget "RestFullApi" */;
			buildPhases = (
				230CF13F2A8D8438005FF9DD /* Sources */,
				230CF1402A8D8438005FF9DD /* Frameworks */,
				230CF1412A8D8438005FF9DD /* Resources */,
			);
			buildRules = (
			);
			dependencies = (
			);
			name = RestFullApi;
			productName = RestFullApi;
			productReference = 230CF1432A8D8438005FF9DD /* RestFullApi.app */;
			productType = "com.apple.product-type.application";
		};
/* End PBXNativeTarget section */

/* Begin PBXProject section */
		230CF13B2A8D8438005FF9DD /* Project object */ = {
			isa = PBXProject;
			attributes = {
				BuildIndependentTargetsInParallel = 1;
				LastSwiftUpdateCheck = 1330;
				LastUpgradeCheck = 1330;
				TargetAttributes = {
					230CF1422A8D8438005FF9DD = {
						CreatedOnToolsVersion = 13.3;
					};
				};
			};
			buildConfigurationList = 230CF13E2A8D8438005FF9DD /* Build configuration list for PBXProject "RestFullApi" */;
			compatibilityVersion = "Xcode 13.0";
			developmentRegion = en;
			hasScannedForEncodings = 0;
			knownRegions = (
				en,
				Base,
			);
			mainGroup = 230CF13A2A8D8438005FF9DD;
			productRefGroup = 230CF1442A8D8438005FF9DD /* Products */;
			projectDirPath = "";
			projectRoot = "";
			targets = (
				230CF1422A8D8438005FF9DD /* RestFullApi */,
			);
		};
/* End PBXProject section */

/* Begin PBXResourcesBuildPhase section */
		230CF1412A8D8438005FF9DD /* Resources */ = {
			isa = PBXResourcesBuildPhase;
			buildActionMask = 2147483647;
			files = (
				230CF14E2A8D843D005FF9DD /* Preview Assets.xcassets in Resources */,
				230CF14B2A8D843D005FF9DD /* Assets.xcassets in Resources */,
			);
			runOnlyForDeploymentPostprocessing = 0;
		};
/* End PBXResourcesBuildPhase section */

/* Begin PBXSourcesBuildPhase section */
		230CF13F2A8D8438005FF9DD /* Sources */ = {
			isa = PBXSourcesBuildPhase;
			buildActionMask = 2147483647;
			files = (
				23724B1E2A8E679E00BEB2D2 /* CommentView.swift in Sources */,
				230CF1572A8D84E1005FF9DD /* APIManager.swift in Sources */,
				23710CDF2A9180EA00417B5F /* TodoView.swift in Sources */,
				23710CE52A9417BB00417B5F /* UserListView.swift in Sources */,
				23724B242A8F8F1D00BEB2D2 /* AlbumListView.swift in Sources */,
				23710CE12A91826D00417B5F /* TodoListView.swift in Sources */,
				23724B222A8E6A5800BEB2D2 /* CommentListView.swift in Sources */,
				230CF1552A8D845E005FF9DD /* Model.swift in Sources */,
				23710CE32A94175900417B5F /* UserView.swift in Sources */,
				23710CDB2A917B0400417B5F /* PhotoView.swift in Sources */,
				230CF1492A8D8438005FF9DD /* ContentView.swift in Sources */,
				230CF1592A8D8889005FF9DD /* PostView.swift in Sources */,
				230CF1472A8D8438005FF9DD /* RestFullApiApp.swift in Sources */,
				23724B262A8F8FFF00BEB2D2 /* AlbumView.swift in Sources */,
				23724B202A8E69D700BEB2D2 /* PostListView.swift in Sources */,
				23710CDD2A917BCF00417B5F /* PhotoListView.swift in Sources */,
			);
			runOnlyForDeploymentPostprocessing = 0;
		};
/* End PBXSourcesBuildPhase section */

/* Begin XCBuildConfiguration section */
		230CF14F2A8D843D005FF9DD /* Debug */ = {
			isa = XCBuildConfiguration;
			buildSettings = {
				ALWAYS_SEARCH_USER_PATHS = NO;
				CLANG_ANALYZER_NONNULL = YES;
				CLANG_ANALYZER_NUMBER_OBJECT_CONVERSION = YES_AGGRESSIVE;
				CLANG_CXX_LANGUAGE_STANDARD = "gnu++17";
				CLANG_ENABLE_MODULES = YES;
				CLANG_ENABLE_OBJC_ARC = YES;
				CLANG_ENABLE_OBJC_WEAK = YES;
				CLANG_WARN_BLOCK_CAPTURE_AUTORELEASING = YES;
				CLANG_WARN_BOOL_CONVERSION = YES;
				CLANG_WARN_COMMA = YES;
				CLANG_WARN_CONSTANT_CONVERSION = YES;
				CLANG_WARN_DEPRECATED_OBJC_IMPLEMENTATIONS = YES;
				CLANG_WARN_DIRECT_OBJC_ISA_USAGE = YES_ERROR;
				CLANG_WARN_DOCUMENTATION_COMMENTS = YES;
				CLANG_WARN_EMPTY_BODY = YES;
				CLANG_WARN_ENUM_CONVERSION = YES;
				CLANG_WARN_INFINITE_RECURSION = YES;
				CLANG_WARN_INT_CONVERSION = YES;
				CLANG_WARN_NON_LITERAL_NULL_CONVERSION = YES;
				CLANG_WARN_OBJC_IMPLICIT_RETAIN_SELF = YES;
				CLANG_WARN_OBJC_LITERAL_CONVERSION = YES;
				CLANG_WARN_OBJC_ROOT_CLASS = YES_ERROR;
				CLANG_WARN_QUOTED_INCLUDE_IN_FRAMEWORK_HEADER = YES;
				CLANG_WARN_RANGE_LOOP_ANALYSIS = YES;
				CLANG_WARN_STRICT_PROTOTYPES = YES;
				CLANG_WARN_SUSPICIOUS_MOVE = YES;
				CLANG_WARN_UNGUARDED_AVAILABILITY = YES_AGGRESSIVE;
				CLANG_WARN_UNREACHABLE_CODE = YES;
				CLANG_WARN__DUPLICATE_METHOD_MATCH = YES;
				COPY_PHASE_STRIP = NO;
				DEBUG_INFORMATION_FORMAT = dwarf;
				ENABLE_STRICT_OBJC_MSGSEND = YES;
				ENABLE_TESTABILITY = YES;
				GCC_C_LANGUAGE_STANDARD = gnu11;
				GCC_DYNAMIC_NO_PIC = NO;
				GCC_NO_COMMON_BLOCKS = YES;
				GCC_OPTIMIZATION_LEVEL = 0;
				GCC_PREPROCESSOR_DEFINITIONS = (
					"DEBUG=1",
					"$(inherited)",
				);
				GCC_WARN_64_TO_32_BIT_CONVERSION = YES;
				GCC_WARN_ABOUT_RETURN_TYPE = YES_ERROR;
				GCC_WARN_UNDECLARED_SELECTOR = YES;
				GCC_WARN_UNINITIALIZED_AUTOS = YES_AGGRESSIVE;
				GCC_WARN_UNUSED_FUNCTION = YES;
				GCC_WARN_UNUSED_VARIABLE = YES;
				IPHONEOS_DEPLOYMENT_TARGET = 15.4;
				MTL_ENABLE_DEBUG_INFO = INCLUDE_SOURCE;
				MTL_FAST_MATH = YES;
				ONLY_ACTIVE_ARCH = YES;
				SDKROOT = iphoneos;
				SWIFT_ACTIVE_COMPILATION_CONDITIONS = DEBUG;
				SWIFT_OPTIMIZATION_LEVEL = "-Onone";
			};
			name = Debug;
		};
		230CF1502A8D843D005FF9DD /* Release */ = {
			isa = XCBuildConfiguration;
			buildSettings = {
				ALWAYS_SEARCH_USER_PATHS = NO;
				CLANG_ANALYZER_NONNULL = YES;
				CLANG_ANALYZER_NUMBER_OBJECT_CONVERSION = YES_AGGRESSIVE;
				CLANG_CXX_LANGUAGE_STANDARD = "gnu++17";
				CLANG_ENABLE_MODULES = YES;
				CLANG_ENABLE_OBJC_ARC = YES;
				CLANG_ENABLE_OBJC_WEAK = YES;
				CLANG_WARN_BLOCK_CAPTURE_AUTORELEASING = YES;
				CLANG_WARN_BOOL_CONVERSION = YES;
				CLANG_WARN_COMMA = YES;
				CLANG_WARN_CONSTANT_CONVERSION = YES;
				CLANG_WARN_DEPRECATED_OBJC_IMPLEMENTATIONS = YES;
				CLANG_WARN_DIRECT_OBJC_ISA_USAGE = YES_ERROR;
				CLANG_WARN_DOCUMENTATION_COMMENTS = YES;
				CLANG_WARN_EMPTY_BODY = YES;
				CLANG_WARN_ENUM_CONVERSION = YES;
				CLANG_WARN_INFINITE_RECURSION = YES;
				CLANG_WARN_INT_CONVERSION = YES;
				CLANG_WARN_NON_LITERAL_NULL_CONVERSION = YES;
				CLANG_WARN_OBJC_IMPLICIT_RETAIN_SELF = YES;
				CLANG_WARN_OBJC_LITERAL_CONVERSION = YES;
				CLANG_WARN_OBJC_ROOT_CLASS = YES_ERROR;
				CLANG_WARN_QUOTED_INCLUDE_IN_FRAMEWORK_HEADER = YES;
				CLANG_WARN_RANGE_LOOP_ANALYSIS = YES;
				CLANG_WARN_STRICT_PROTOTYPES = YES;
				CLANG_WARN_SUSPICIOUS_MOVE = YES;
				CLANG_WARN_UNGUARDED_AVAILABILITY = YES_AGGRESSIVE;
				CLANG_WARN_UNREACHABLE_CODE = YES;
				CLANG_WARN__DUPLICATE_METHOD_MATCH = YES;
				COPY_PHASE_STRIP = NO;
				DEBUG_INFORMATION_FORMAT = "dwarf-with-dsym";
				ENABLE_NS_ASSERTIONS = NO;
				ENABLE_STRICT_OBJC_MSGSEND = YES;
				GCC_C_LANGUAGE_STANDARD = gnu11;
				GCC_NO_COMMON_BLOCKS = YES;
				GCC_WARN_64_TO_32_BIT_CONVERSION = YES;
				GCC_WARN_ABOUT_RETURN_TYPE = YES_ERROR;
				GCC_WARN_UNDECLARED_SELECTOR = YES;
				GCC_WARN_UNINITIALIZED_AUTOS = YES_AGGRESSIVE;
				GCC_WARN_UNUSED_FUNCTION = YES;
				GCC_WARN_UNUSED_VARIABLE = YES;
				IPHONEOS_DEPLOYMENT_TARGET = 15.4;
				MTL_ENABLE_DEBUG_INFO = NO;
				MTL_FAST_MATH = YES;
				SDKROOT = iphoneos;
				SWIFT_COMPILATION_MODE = wholemodule;
				SWIFT_OPTIMIZATION_LEVEL = "-O";
				VALIDATE_PRODUCT = YES;
			};
			name = Release;
		};
		230CF1522A8D843D005FF9DD /* Debug */ = {
			isa = XCBuildConfiguration;
			buildSettings = {
				ASSETCATALOG_COMPILER_APPICON_NAME = AppIcon;
				ASSETCATALOG_COMPILER_GLOBAL_ACCENT_COLOR_NAME = AccentColor;
				CODE_SIGN_STYLE = Automatic;
				CURRENT_PROJECT_VERSION = 1;
				DEVELOPMENT_ASSET_PATHS = "\"RestFullApi/Preview Content\"";
				DEVELOPMENT_TEAM = AU4U3J3D69;
				ENABLE_PREVIEWS = YES;
				GENERATE_INFOPLIST_FILE = YES;
				INFOPLIST_KEY_UIApplicationSceneManifest_Generation = YES;
				INFOPLIST_KEY_UIApplicationSupportsIndirectInputEvents = YES;
				INFOPLIST_KEY_UILaunchScreen_Generation = YES;
				INFOPLIST_KEY_UISupportedInterfaceOrientations_iPad = "UIInterfaceOrientationPortrait UIInterfaceOrientationPortraitUpsideDown UIInterfaceOrientationLandscapeLeft UIInterfaceOrientationLandscapeRight";
				INFOPLIST_KEY_UISupportedInterfaceOrientations_iPhone = "UIInterfaceOrientationPortrait UIInterfaceOrientationLandscapeLeft UIInterfaceOrientationLandscapeRight";
				LD_RUNPATH_SEARCH_PATHS = (
					"$(inherited)",
					"@executable_path/Frameworks",
				);
				MARKETING_VERSION = 1.0;
				PRODUCT_BUNDLE_IDENTIFIER = com.sirineksi.RestFullApi;
				PRODUCT_NAME = "$(TARGET_NAME)";
				SWIFT_EMIT_LOC_STRINGS = YES;
				SWIFT_VERSION = 5.0;
				TARGETED_DEVICE_FAMILY = "1,2";
			};
			name = Debug;
		};
		230CF1532A8D843D005FF9DD /* Release */ = {
			isa = XCBuildConfiguration;
			buildSettings = {
				ASSETCATALOG_COMPILER_APPICON_NAME = AppIcon;
				ASSETCATALOG_COMPILER_GLOBAL_ACCENT_COLOR_NAME = AccentColor;
				CODE_SIGN_STYLE = Automatic;
				CURRENT_PROJECT_VERSION = 1;
				DEVELOPMENT_ASSET_PATHS = "\"RestFullApi/Preview Content\"";
				DEVELOPMENT_TEAM = AU4U3J3D69;
				ENABLE_PREVIEWS = YES;
				GENERATE_INFOPLIST_FILE = YES;
				INFOPLIST_KEY_UIApplicationSceneManifest_Generation = YES;
				INFOPLIST_KEY_UIApplicationSupportsIndirectInputEvents = YES;
				INFOPLIST_KEY_UILaunchScreen_Generation = YES;
				INFOPLIST_KEY_UISupportedInterfaceOrientations_iPad = "UIInterfaceOrientationPortrait UIInterfaceOrientationPortraitUpsideDown UIInterfaceOrientationLandscapeLeft UIInterfaceOrientationLandscapeRight";
				INFOPLIST_KEY_UISupportedInterfaceOrientations_iPhone = "UIInterfaceOrientationPortrait UIInterfaceOrientationLandscapeLeft UIInterfaceOrientationLandscapeRight";
				LD_RUNPATH_SEARCH_PATHS = (
					"$(inherited)",
					"@executable_path/Frameworks",
				);
				MARKETING_VERSION = 1.0;
				PRODUCT_BUNDLE_IDENTIFIER = com.sirineksi.RestFullApi;
				PRODUCT_NAME = "$(TARGET_NAME)";
				SWIFT_EMIT_LOC_STRINGS = YES;
				SWIFT_VERSION = 5.0;
				TARGETED_DEVICE_FAMILY = "1,2";
			};
			name = Release;
		};
/* End XCBuildConfiguration section */

/* Begin XCConfigurationList section */
		230CF13E2A8D8438005FF9DD /* Build configuration list for PBXProject "RestFullApi" */ = {
			isa = XCConfigurationList;
			buildConfigurations = (
				230CF14F2A8D843D005FF9DD /* Debug */,
				230CF1502A8D843D005FF9DD /* Release */,
			);
			defaultConfigurationIsVisible = 0;
			defaultConfigurationName = Release;
		};
		230CF1512A8D843D005FF9DD /* Build configuration list for PBXNativeTarget "RestFullApi" */ = {
			isa = XCConfigurationList;
			buildConfigurations = (
				230CF1522A8D843D005FF9DD /* Debug */,
				230CF1532A8D843D005FF9DD /* Release */,
			);
			defaultConfigurationIsVisible = 0;
			defaultConfigurationName = Release;
		};
/* End XCConfigurationList section */
	};
	rootObject = 230CF13B2A8D8438005FF9DD /* Project object */;
}
